lockfileVersion: '9.0'

settings:
  autoInstallPeers: true
  excludeLinksFromLockfile: false

importers:

  .:
    devDependencies:
      '@electric-sql/pglite':
        specifier: 0.3.14
        version: 0.3.14

packages:

  '@electric-sql/pglite@0.3.14':
    resolution: {integrity: sha512-3DB258dhqdsArOI1fIt7cb9RpUOgcDg5hXWVgVHAeqVQ/qxtFy605QKs4gx6mFq3jWsSPqDN8TgSEsqC3OfV9Q==}

snapshots:

  '@electric-sql/pglite@0.3.14': {}
